
Microsoft Visual Studio Solution File, Format Version 12.00
# Visual Studio Version 16
VisualStudioVersion = 16.0.30413.136
MinimumVisualStudioVersion = 10.0.40219.1
Project("{FAE04EC0-301F-11D3-BF4B-00C04F79EFBC}") = "ProductosInventario", "ProductosInventario\ProductosInventario.csproj", "{35655B67-CFC7-4AB0-87F0-F2B5B5047681}"
EndProject
Project("{FAE04EC0-301F-11D3-BF4B-00C04F79EFBC}") = "Entidades", "Entidades\Entidades.csproj", "{1B079E08-B0ED-4E95-A2A7-B60BE602FCF1}"
EndProject
Global
	GlobalSection(SolutionConfigurationPlatforms) = preSolution
		Debug|Any CPU = Debug|Any CPU
		Release|Any CPU = Release|Any CPU
	EndGlobalSection
	GlobalSection(ProjectConfigurationPlatforms) = postSolution
		{35655B67-CFC7-4AB0-87F0-F2B5B5047681}.Debug|Any CPU.ActiveCfg = Debug|Any CPU
		{35655B67-CFC7-4AB0-87F0-F2B5B5047681}.Debug|Any CPU.Build.0 = Debug|Any CPU
		{35655B67-CFC7-4AB0-87F0-F2B5B5047681}.Release|Any CPU.ActiveCfg = Release|Any CPU
		{35655B67-CFC7-4AB0-87F0-F2B5B5047681}.Release|Any CPU.Build.0 = Release|Any CPU
		{1B079E08-B0ED-4E95-A2A7-B60BE602FCF1}.Debug|Any CPU.ActiveCfg = Debug|Any CPU
		{1B079E08-B0ED-4E95-A2A7-B60BE602FCF1}.Debug|Any CPU.Build.0 = Debug|Any CPU
		{1B079E08-B0ED-4E95-A2A7-B60BE602FCF1}.Release|Any CPU.ActiveCfg = Release|Any CPU
		{1B079E08-B0ED-4E95-A2A7-B60BE602FCF1}.Release|Any CPU.Build.0 = Release|Any CPU
	EndGlobalSection
	GlobalSection(SolutionProperties) = preSolution
		HideSolutionNode = FALSE
	EndGlobalSection
	GlobalSection(ExtensibilityGlobals) = postSolution
		SolutionGuid = {A2D50750-C612-4705-AD1D-9EB932CEF859}
	EndGlobalSection
EndGlobal
