
Microsoft Visual Studio Solution File, Format Version 12.00
# Visual Studio Version 16
VisualStudioVersion = 16.0.30413.136
MinimumVisualStudioVersion = 10.0.40219.1
Project("{FAE04EC0-301F-11D3-BF4B-00C04F79EFBC}") = "Clase2", "Clase2.csproj", "{6150A691-DE38-4493-A49A-6B582C80BA4A}"
EndProject
Project("{FAE04EC0-301F-11D3-BF4B-00C04F79EFBC}") = "Ejercicio 16", "..\Ejercicio 16\Ejercicio 16.csproj", "{E93D86D5-FB82-4D98-A94B-D510C5FD0FC9}"
EndProject
Project("{FAE04EC0-301F-11D3-BF4B-00C04F79EFBC}") = "Ejercio En clase", "..\Ejercio En clase\Ejercio En clase.csproj", "{DD1D642F-62C8-4701-AAF7-837CC58414C8}"
EndProject
Global
	GlobalSection(SolutionConfigurationPlatforms) = preSolution
		Debug|Any CPU = Debug|Any CPU
		Release|Any CPU = Release|Any CPU
	EndGlobalSection
	GlobalSection(ProjectConfigurationPlatforms) = postSolution
		{6150A691-DE38-4493-A49A-6B582C80BA4A}.Debug|Any CPU.ActiveCfg = Debug|Any CPU
		{6150A691-DE38-4493-A49A-6B582C80BA4A}.Debug|Any CPU.Build.0 = Debug|Any CPU
		{6150A691-DE38-4493-A49A-6B582C80BA4A}.Release|Any CPU.ActiveCfg = Release|Any CPU
		{6150A691-DE38-4493-A49A-6B582C80BA4A}.Release|Any CPU.Build.0 = Release|Any CPU
		{E93D86D5-FB82-4D98-A94B-D510C5FD0FC9}.Debug|Any CPU.ActiveCfg = Debug|Any CPU
		{E93D86D5-FB82-4D98-A94B-D510C5FD0FC9}.Debug|Any CPU.Build.0 = Debug|Any CPU
		{E93D86D5-FB82-4D98-A94B-D510C5FD0FC9}.Release|Any CPU.ActiveCfg = Release|Any CPU
		{E93D86D5-FB82-4D98-A94B-D510C5FD0FC9}.Release|Any CPU.Build.0 = Release|Any CPU
		{DD1D642F-62C8-4701-AAF7-837CC58414C8}.Debug|Any CPU.ActiveCfg = Debug|Any CPU
		{DD1D642F-62C8-4701-AAF7-837CC58414C8}.Debug|Any CPU.Build.0 = Debug|Any CPU
		{DD1D642F-62C8-4701-AAF7-837CC58414C8}.Release|Any CPU.ActiveCfg = Release|Any CPU
		{DD1D642F-62C8-4701-AAF7-837CC58414C8}.Release|Any CPU.Build.0 = Release|Any CPU
	EndGlobalSection
	GlobalSection(SolutionProperties) = preSolution
		HideSolutionNode = FALSE
	EndGlobalSection
	GlobalSection(ExtensibilityGlobals) = postSolution
		SolutionGuid = {8A7AC01D-B7FA-4EF6-BFEE-511EACEBDD80}
	EndGlobalSection
EndGlobal
