
Microsoft Visual Studio Solution File, Format Version 12.00
# Visual Studio Version 16
VisualStudioVersion = 16.0.30413.136
MinimumVisualStudioVersion = 10.0.40219.1
Project("{FAE04EC0-301F-11D3-BF4B-00C04F79EFBC}") = "Clase 3", "Clase 3.csproj", "{884A75AD-21C4-4B8F-8BAF-044CD53D5AE9}"
EndProject
Global
	GlobalSection(SolutionConfigurationPlatforms) = preSolution
		Debug|Any CPU = Debug|Any CPU
		Release|Any CPU = Release|Any CPU
	EndGlobalSection
	GlobalSection(ProjectConfigurationPlatforms) = postSolution
		{884A75AD-21C4-4B8F-8BAF-044CD53D5AE9}.Debug|Any CPU.ActiveCfg = Debug|Any CPU
		{884A75AD-21C4-4B8F-8BAF-044CD53D5AE9}.Debug|Any CPU.Build.0 = Debug|Any CPU
		{884A75AD-21C4-4B8F-8BAF-044CD53D5AE9}.Release|Any CPU.ActiveCfg = Release|Any CPU
		{884A75AD-21C4-4B8F-8BAF-044CD53D5AE9}.Release|Any CPU.Build.0 = Release|Any CPU
	EndGlobalSection
	GlobalSection(SolutionProperties) = preSolution
		HideSolutionNode = FALSE
	EndGlobalSection
	GlobalSection(ExtensibilityGlobals) = postSolution
		SolutionGuid = {B652FF15-1FCF-468C-9BF9-67CB360CEA3F}
	EndGlobalSection
EndGlobal
